
Microsoft Visual Studio Solution File, Format Version 12.00
# Visual Studio Version 17
VisualStudioVersion = 17.2.32616.157
MinimumVisualStudioVersion = 10.0.40219.1
Project("{FAE04EC0-301F-11D3-BF4B-00C04F79EFBC}") = "SlotMachine", "SlotMachine\SlotMachine.csproj", "{77646C4A-088D-479A-B43E-1CDA71EAAA28}"
EndProject
Global
	GlobalSection(SolutionConfigurationPlatforms) = preSolution
		Debug|Any CPU = Debug|Any CPU
		Release|Any CPU = Release|Any CPU
	EndGlobalSection
	GlobalSection(ProjectConfigurationPlatforms) = postSolution
		{77646C4A-088D-479A-B43E-1CDA71EAAA28}.Debug|Any CPU.ActiveCfg = Debug|Any CPU
		{77646C4A-088D-479A-B43E-1CDA71EAAA28}.Debug|Any CPU.Build.0 = Debug|Any CPU
		{77646C4A-088D-479A-B43E-1CDA71EAAA28}.Release|Any CPU.ActiveCfg = Release|Any CPU
		{77646C4A-088D-479A-B43E-1CDA71EAAA28}.Release|Any CPU.Build.0 = Release|Any CPU
	EndGlobalSection
	GlobalSection(SolutionProperties) = preSolution
		HideSolutionNode = FALSE
	EndGlobalSection
	GlobalSection(ExtensibilityGlobals) = postSolution
		SolutionGuid = {AAF0D58B-E813-4CDF-9155-A304C464B0A2}
	EndGlobalSection
EndGlobal
